// !$*UTF8*$!
{
	archiveVersion = 1;
	classes = {
	};
	objectVersion = 54;
	objects = {

/* Begin PBXBuildFile section */
		5217A03F22760AFA00458A9C /* EmulatorViewController.swift in Sources */ = {isa = PBXBuildFile; fileRef = 5217A03E22760AFA00458A9C /* EmulatorViewController.swift */; };
		523C3750225B289D00D16700 /* Assemble.swift in Sources */ = {isa = PBXBuildFile; fileRef = 523C374F225B289D00D16700 /* Assemble.swift */; };
		5251D3E12F083298008347F9 /* SceneDelegate.swift in Sources */ = {isa = PBXBuildFile; fileRef = 5251D3E02F083298008347F9 /* SceneDelegate.swift */; };
		52F8C4C82287EE6D00829710 /* sim0.png in Resources */ = {isa = PBXBuildFile; fileRef = 52F8C4C62287EE6C00829710 /* sim0.png */; };
		52F8C4C92287EE6D00829710 /* sim1.png in Resources */ = {isa = PBXBuildFile; fileRef = 52F8C4C72287EE6D00829710 /* sim1.png */; };
		933B67E71EE0960C00651EFC /* DocumentBrowserTransitioningDelegate.swift in Sources */ = {isa = PBXBuildFile; fileRef = 933B67E61EE0958300651EFC /* DocumentBrowserTransitioningDelegate.swift */; };
		933B67E81EE0961000651EFC /* TextDocumentViewController.swift in Sources */ = {isa = PBXBuildFile; fileRef = 933B67E51EE0937800651EFC /* TextDocumentViewController.swift */; };
		933B67E91EE0961400651EFC /* TextDocument.swift in Sources */ = {isa = PBXBuildFile; fileRef = 933B67E41EE0937800651EFC /* TextDocument.swift */; };
		93F2086C1EE08D0500345EE5 /* AppDelegate.swift in Sources */ = {isa = PBXBuildFile; fileRef = 93F2086B1EE08D0500345EE5 /* AppDelegate.swift */; };
		93F2086E1EE08D0500345EE5 /* DocumentBrowserViewController.swift in Sources */ = {isa = PBXBuildFile; fileRef = 93F2086D1EE08D0500345EE5 /* DocumentBrowserViewController.swift */; };
		93F208751EE08D0500345EE5 /* Main.storyboard in Resources */ = {isa = PBXBuildFile; fileRef = 93F208731EE08D0500345EE5 /* Main.storyboard */; };
		93F208771EE08D0500345EE5 /* Assets.xcassets in Resources */ = {isa = PBXBuildFile; fileRef = 93F208761EE08D0500345EE5 /* Assets.xcassets */; };
		93F2087A1EE08D0500345EE5 /* LaunchScreen.storyboard in Resources */ = {isa = PBXBuildFile; fileRef = 93F208781EE08D0500345EE5 /* LaunchScreen.storyboard */; };
		D5BE629A226A6872002471F0 /* 8080.c in Sources */ = {isa = PBXBuildFile; fileRef = D5BE6298226A6871002471F0 /* 8080.c */; };
		DE082FB72F09E08A00DD213A /* CPM22.dsk in Resources */ = {isa = PBXBuildFile; fileRef = DE082FB62F09E08A00DD213A /* CPM22.dsk */; };
		F0A1B2C3D4E5F67890123457 /* CPMTerminalViewController.swift in Sources */ = {isa = PBXBuildFile; fileRef = F0A1B2C3D4E5F67890123456 /* CPMTerminalViewController.swift */; };
/* End PBXBuildFile section */

/* Begin PBXFileReference section */
		3E7FAF762048893C007A5CA0 /* README.md */ = {isa = PBXFileReference; lastKnownFileType = net.daringfireball.markdown; path = README.md; sourceTree = "<group>"; };
		5217A03E22760AFA00458A9C /* EmulatorViewController.swift */ = {isa = PBXFileReference; lastKnownFileType = sourcecode.swift; path = EmulatorViewController.swift; sourceTree = "<group>"; };
		523C374F225B289D00D16700 /* Assemble.swift */ = {isa = PBXFileReference; fileEncoding = 4; lastKnownFileType = sourcecode.swift; path = Assemble.swift; sourceTree = "<group>"; };
		5251D3E02F083298008347F9 /* SceneDelegate.swift */ = {isa = PBXFileReference; lastKnownFileType = sourcecode.swift; path = SceneDelegate.swift; sourceTree = "<group>"; };
		52F8C4C62287EE6C00829710 /* sim0.png */ = {isa = PBXFileReference; lastKnownFileType = image.png; path = sim0.png; sourceTree = "<group>"; };
		52F8C4C72287EE6D00829710 /* sim1.png */ = {isa = PBXFileReference; lastKnownFileType = image.png; path = sim1.png; sourceTree = "<group>"; };
		933B67E41EE0937800651EFC /* TextDocument.swift */ = {isa = PBXFileReference; lastKnownFileType = sourcecode.swift; path = TextDocument.swift; sourceTree = "<group>"; };
		933B67E51EE0937800651EFC /* TextDocumentViewController.swift */ = {isa = PBXFileReference; lastKnownFileType = sourcecode.swift; path = TextDocumentViewController.swift; sourceTree = "<group>"; };
		933B67E61EE0958300651EFC /* DocumentBrowserTransitioningDelegate.swift */ = {isa = PBXFileReference; lastKnownFileType = sourcecode.swift; path = DocumentBrowserTransitioningDelegate.swift; sourceTree = "<group>"; };
		93F208681EE08D0500345EE5 /* Core8080.app */ = {isa = PBXFileReference; explicitFileType = wrapper.application; includeInIndex = 0; path = Core8080.app; sourceTree = BUILT_PRODUCTS_DIR; };
		93F2086B1EE08D0500345EE5 /* AppDelegate.swift */ = {isa = PBXFileReference; lastKnownFileType = sourcecode.swift; path = AppDelegate.swift; sourceTree = "<group>"; };
		93F2086D1EE08D0500345EE5 /* DocumentBrowserViewController.swift */ = {isa = PBXFileReference; lastKnownFileType = sourcecode.swift; path = DocumentBrowserViewController.swift; sourceTree = "<group>"; };
		93F208741EE08D0500345EE5 /* Base */ = {isa = PBXFileReference; lastKnownFileType = file.storyboard; name = Base; path = Base.lproj/Main.storyboard; sourceTree = "<group>"; };
		93F208761EE08D0500345EE5 /* Assets.xcassets */ = {isa = PBXFileReference; lastKnownFileType = folder.assetcatalog; path = Assets.xcassets; sourceTree = "<group>"; };
		93F208791EE08D0500345EE5 /* Base */ = {isa = PBXFileReference; lastKnownFileType = file.storyboard; name = Base; path = Base.lproj/LaunchScreen.storyboard; sourceTree = "<group>"; };
		93F2087B1EE08D0500345EE5 /* Info.plist */ = {isa = PBXFileReference; lastKnownFileType = text.plist.xml; path = Info.plist; sourceTree = "<group>"; };
		D5BE6297226A6871002471F0 /* Document Browser-Bridging-Header.h */ = {isa = PBXFileReference; lastKnownFileType = sourcecode.c.h; path = "Document Browser-Bridging-Header.h"; sourceTree = "<group>"; };
		D5BE6298226A6871002471F0 /* 8080.c */ = {isa = PBXFileReference; fileEncoding = 4; lastKnownFileType = sourcecode.c.c; path = 8080.c; sourceTree = "<group>"; };
		D5BE6299226A6872002471F0 /* 8080.h */ = {isa = PBXFileReference; fileEncoding = 4; lastKnownFileType = sourcecode.c.h; path = 8080.h; sourceTree = "<group>"; };
		D5F958AA226DC4720016B38F /* Core8080.entitlements */ = {isa = PBXFileReference; lastKnownFileType = text.plist.entitlements; path = Core8080.entitlements; sourceTree = "<group>"; };
		DE082FB62F09E08A00DD213A /* CPM22.dsk */ = {isa = PBXFileReference; lastKnownFileType = file; path = CPM22.dsk; sourceTree = "<group>"; };
		DE082FB72F09E40200DD213A /* garbage.png */ = {isa = PBXFileReference; lastKnownFileType = image.png; path = garbage.png; sourceTree = "<group>"; };
		F0A1B2C3D4E5F67890123456 /* CPMTerminalViewController.swift */ = {isa = PBXFileReference; lastKnownFileType = sourcecode.swift; path = CPMTerminalViewController.swift; sourceTree = "<group>"; };
		F369C580F36A695000000001 /* SampleCode.xcconfig */ = {isa = PBXFileReference; lastKnownFileType = text.xcconfig; name = SampleCode.xcconfig; path = Configuration/SampleCode.xcconfig; sourceTree = "<group>"; };
		F36CAAE0F36CB8E000000001 /* LICENSE.txt */ = {isa = PBXFileReference; includeInIndex = 1; lastKnownFileType = text; path = LICENSE.txt; sourceTree = "<group>"; };
/* End PBXFileReference section */

/* Begin PBXFrameworksBuildPhase section */
		93F208651EE08D0500345EE5 /* Frameworks */ = {
			isa = PBXFrameworksBuildPhase;
			buildActionMask = 2147483647;
			files = (
			);
			runOnlyForDeploymentPostprocessing = 0;
		};
/* End PBXFrameworksBuildPhase section */

/* Begin PBXGroup section */
		52F8C4CA2287EE7300829710 /* screenshots */ = {
			isa = PBXGroup;
			children = (
				52F8C4C62287EE6C00829710 /* sim0.png */,
				52F8C4C72287EE6D00829710 /* sim1.png */,
			);
			path = screenshots;
			sourceTree = "<group>";
		};
		93F2085F1EE08D0500345EE5 = {
			isa = PBXGroup;
			children = (
				DE082FB72F09E40200DD213A /* garbage.png */,
				DE082FB62F09E08A00DD213A /* CPM22.dsk */,
				D5F958AA226DC4720016B38F /* Core8080.entitlements */,
				3E7FAF762048893C007A5CA0 /* README.md */,
				93F2086A1EE08D0500345EE5 /* Document Browser */,
				93F208691EE08D0500345EE5 /* Products */,
				F369CA10F369CAD000000001 /* Configuration */,
				F343F420F34440E000000001 /* LICENSE */,
				D5F958A7226DC46C0016B38F /* Frameworks */,
			);
			sourceTree = "<group>";
		};
		93F208691EE08D0500345EE5 /* Products */ = {
			isa = PBXGroup;
			children = (
				93F208681EE08D0500345EE5 /* Core8080.app */,
			);
			name = Products;
			sourceTree = "<group>";
		};
		93F2086A1EE08D0500345EE5 /* Document Browser */ = {
			isa = PBXGroup;
			children = (
				5251D3E02F083298008347F9 /* SceneDelegate.swift */,
				F0A1B2C3D4E5F67890123456 /* CPMTerminalViewController.swift */,
				52F8C4CA2287EE7300829710 /* screenshots */,
				523C374F225B289D00D16700 /* Assemble.swift */,
				93F2086B1EE08D0500345EE5 /* AppDelegate.swift */,
				93F2086D1EE08D0500345EE5 /* DocumentBrowserViewController.swift */,
				933B67E61EE0958300651EFC /* DocumentBrowserTransitioningDelegate.swift */,
				933B67E51EE0937800651EFC /* TextDocumentViewController.swift */,
				933B67E41EE0937800651EFC /* TextDocument.swift */,
				93F208731EE08D0500345EE5 /* Main.storyboard */,
				5217A03E22760AFA00458A9C /* EmulatorViewController.swift */,
				D5BE6298226A6871002471F0 /* 8080.c */,
				D5BE6299226A6872002471F0 /* 8080.h */,
				93F208761EE08D0500345EE5 /* Assets.xcassets */,
				93F208781EE08D0500345EE5 /* LaunchScreen.storyboard */,
				93F2087B1EE08D0500345EE5 /* Info.plist */,
				D5BE6297226A6871002471F0 /* Document Browser-Bridging-Header.h */,
			);
			path = "Document Browser";
			sourceTree = "<group>";
		};
		D5F958A7226DC46C0016B38F /* Frameworks */ = {
			isa = PBXGroup;
			children = (
			);
			name = Frameworks;
			sourceTree = "<group>";
		};
		F343F420F34440E000000001 /* LICENSE */ = {
			isa = PBXGroup;
			children = (
				F36CAAE0F36CB8E000000001 /* LICENSE.txt */,
			);
			path = LICENSE;
			sourceTree = "<group>";
		};
		F369CA10F369CAD000000001 /* Configuration */ = {
			isa = PBXGroup;
			children = (
				F369C580F36A695000000001 /* SampleCode.xcconfig */,
			);
			name = Configuration;
			sourceTree = "<group>";
		};
/* End PBXGroup section */

/* Begin PBXNativeTarget section */
		93F208671EE08D0500345EE5 /* Core8080 */ = {
			isa = PBXNativeTarget;
			buildConfigurationList = 93F2087E1EE08D0500345EE5 /* Build configuration list for PBXNativeTarget "Core8080" */;
			buildPhases = (
				93F208641EE08D0500345EE5 /* Sources */,
				93F208651EE08D0500345EE5 /* Frameworks */,
				93F208661EE08D0500345EE5 /* Resources */,
			);
			buildRules = (
			);
			dependencies = (
			);
			name = Core8080;
			productName = "Document Browser";
			productReference = 93F208681EE08D0500345EE5 /* Core8080.app */;
			productType = "com.apple.product-type.application";
		};
/* End PBXNativeTarget section */

/* Begin PBXProject section */
		93F208601EE08D0500345EE5 /* Project object */ = {
			isa = PBXProject;
			attributes = {
				BuildIndependentTargetsInParallel = YES;
				LastSwiftUpdateCheck = 0900;
				LastUpgradeCheck = 2620;
				ORGANIZATIONNAME = Apple;
				TargetAttributes = {
					93F208671EE08D0500345EE5 = {
						CreatedOnToolsVersion = 9.0;
						LastSwiftMigration = 1010;
						ProvisioningStyle = Automatic;
						SystemCapabilities = {
							com.apple.InAppPurchase = {
								enabled = 0;
							};
							com.apple.iCloud = {
								enabled = 1;
							};
						};
					};
				};
			};
			buildConfigurationList = 93F208631EE08D0500345EE5 /* Build configuration list for PBXProject "Core8080" */;
			compatibilityVersion = "Xcode 8.0";
			developmentRegion = en;
			hasScannedForEncodings = 0;
			knownRegions = (
				en,
				Base,
			);
			mainGroup = 93F2085F1EE08D0500345EE5;
			productRefGroup = 93F208691EE08D0500345EE5 /* Products */;
			projectDirPath = "";
			projectRoot = "";
			targets = (
				93F208671EE08D0500345EE5 /* Core8080 */,
			);
		};
/* End PBXProject section */

/* Begin PBXResourcesBuildPhase section */
		93F208661EE08D0500345EE5 /* Resources */ = {
			isa = PBXResourcesBuildPhase;
			buildActionMask = 2147483647;
			files = (
				93F2087A1EE08D0500345EE5 /* LaunchScreen.storyboard in Resources */,
				DE082FB72F09E08A00DD213A /* CPM22.dsk in Resources */,
				52F8C4C92287EE6D00829710 /* sim1.png in Resources */,
				93F208771EE08D0500345EE5 /* Assets.xcassets in Resources */,
				52F8C4C82287EE6D00829710 /* sim0.png in Resources */,
				93F208751EE08D0500345EE5 /* Main.storyboard in Resources */,
			);
			runOnlyForDeploymentPostprocessing = 0;
		};
/* End PBXResourcesBuildPhase section */

/* Begin PBXSourcesBuildPhase section */
		93F208641EE08D0500345EE5 /* Sources */ = {
			isa = PBXSourcesBuildPhase;
			buildActionMask = 2147483647;
			files = (
				933B67E81EE0961000651EFC /* TextDocumentViewController.swift in Sources */,
				523C3750225B289D00D16700 /* Assemble.swift in Sources */,
				5251D3E12F083298008347F9 /* SceneDelegate.swift in Sources */,
				93F2086E1EE08D0500345EE5 /* DocumentBrowserViewController.swift in Sources */,
				F0A1B2C3D4E5F67890123457 /* CPMTerminalViewController.swift in Sources */,
				93F2086C1EE08D0500345EE5 /* AppDelegate.swift in Sources */,
				D5BE629A226A6872002471F0 /* 8080.c in Sources */,
				933B67E71EE0960C00651EFC /* DocumentBrowserTransitioningDelegate.swift in Sources */,
				933B67E91EE0961400651EFC /* TextDocument.swift in Sources */,
				5217A03F22760AFA00458A9C /* EmulatorViewController.swift in Sources */,
			);
			runOnlyForDeploymentPostprocessing = 0;
		};
/* End PBXSourcesBuildPhase section */

/* Begin PBXVariantGroup section */
		93F208731EE08D0500345EE5 /* Main.storyboard */ = {
			isa = PBXVariantGroup;
			children = (
				93F208741EE08D0500345EE5 /* Base */,
			);
			name = Main.storyboard;
			sourceTree = "<group>";
		};
		93F208781EE08D0500345EE5 /* LaunchScreen.storyboard */ = {
			isa = PBXVariantGroup;
			children = (
				93F208791EE08D0500345EE5 /* Base */,
			);
			name = LaunchScreen.storyboard;
			sourceTree = "<group>";
		};
/* End PBXVariantGroup section */

/* Begin XCBuildConfiguration section */
		93F2087C1EE08D0500345EE5 /* Debug */ = {
			isa = XCBuildConfiguration;
			baseConfigurationReference = F369C580F36A695000000001 /* SampleCode.xcconfig */;
			buildSettings = {
				ALWAYS_SEARCH_USER_PATHS = NO;
				CLANG_ANALYZER_NONNULL = YES;
				CLANG_ANALYZER_NUMBER_OBJECT_CONVERSION = YES_AGGRESSIVE;
				CLANG_CXX_LANGUAGE_STANDARD = "gnu++14";
				CLANG_CXX_LIBRARY = "libc++";
				CLANG_ENABLE_MODULES = YES;
				CLANG_ENABLE_OBJC_ARC = YES;
				CLANG_WARN_BLOCK_CAPTURE_AUTORELEASING = YES;
				CLANG_WARN_BOOL_CONVERSION = YES;
				CLANG_WARN_COMMA = YES;
				CLANG_WARN_CONSTANT_CONVERSION = YES;
				CLANG_WARN_DEPRECATED_OBJC_IMPLEMENTATIONS = YES;
				CLANG_WARN_DIRECT_OBJC_ISA_USAGE = YES_ERROR;
				CLANG_WARN_DOCUMENTATION_COMMENTS = YES;
				CLANG_WARN_EMPTY_BODY = YES;
				CLANG_WARN_ENUM_CONVERSION = YES;
				CLANG_WARN_INFINITE_RECURSION = YES;
				CLANG_WARN_INT_CONVERSION = YES;
				CLANG_WARN_NON_LITERAL_NULL_CONVERSION = YES;
				CLANG_WARN_OBJC_IMPLICIT_RETAIN_SELF = YES;
				CLANG_WARN_OBJC_LITERAL_CONVERSION = YES;
				CLANG_WARN_OBJC_ROOT_CLASS = YES_ERROR;
				CLANG_WARN_QUOTED_INCLUDE_IN_FRAMEWORK_HEADER = YES;
				CLANG_WARN_RANGE_LOOP_ANALYSIS = YES;
				CLANG_WARN_STRICT_PROTOTYPES = YES;
				CLANG_WARN_SUSPICIOUS_MOVE = YES;
				CLANG_WARN_UNGUARDED_AVAILABILITY = YES_AGGRESSIVE;
				CLANG_WARN_UNREACHABLE_CODE = YES;
				CLANG_WARN__DUPLICATE_METHOD_MATCH = YES;
				CODE_SIGN_IDENTITY = "iPhone Developer";
				COPY_PHASE_STRIP = NO;
				DEBUG_INFORMATION_FORMAT = dwarf;
				DEVELOPMENT_TEAM = 975T5Y44XD;
				ENABLE_STRICT_OBJC_MSGSEND = YES;
				ENABLE_TESTABILITY = YES;
				ENABLE_USER_SCRIPT_SANDBOXING = YES;
				GCC_C_LANGUAGE_STANDARD = gnu11;
				GCC_DYNAMIC_NO_PIC = NO;
				GCC_NO_COMMON_BLOCKS = YES;
				GCC_OPTIMIZATION_LEVEL = 0;
				GCC_PREPROCESSOR_DEFINITIONS = (
					"DEBUG=1",
					"$(inherited)",
				);
				GCC_WARN_64_TO_32_BIT_CONVERSION = YES;
				GCC_WARN_ABOUT_RETURN_TYPE = YES_ERROR;
				GCC_WARN_UNDECLARED_SELECTOR = YES;
				GCC_WARN_UNINITIALIZED_AUTOS = YES_AGGRESSIVE;
				GCC_WARN_UNUSED_FUNCTION = YES;
				GCC_WARN_UNUSED_VARIABLE = YES;
				IPHONEOS_DEPLOYMENT_TARGET = 12.0;
				MTL_ENABLE_DEBUG_INFO = YES;
				ONLY_ACTIVE_ARCH = YES;
				SDKROOT = iphoneos;
				STRING_CATALOG_GENERATE_SYMBOLS = YES;
				SWIFT_ACTIVE_COMPILATION_CONDITIONS = DEBUG;
				SWIFT_OPTIMIZATION_LEVEL = "-Onone";
			};
			name = Debug;
		};
		93F2087D1EE08D0500345EE5 /* Release */ = {
			isa = XCBuildConfiguration;
			baseConfigurationReference = F369C580F36A695000000001 /* SampleCode.xcconfig */;
			buildSettings = {
				ALWAYS_SEARCH_USER_PATHS = NO;
				CLANG_ANALYZER_NONNULL = YES;
				CLANG_ANALYZER_NUMBER_OBJECT_CONVERSION = YES_AGGRESSIVE;
				CLANG_CXX_LANGUAGE_STANDARD = "gnu++14";
				CLANG_CXX_LIBRARY = "libc++";
				CLANG_ENABLE_MODULES = YES;
				CLANG_ENABLE_OBJC_ARC = YES;
				CLANG_WARN_BLOCK_CAPTURE_AUTORELEASING = YES;
				CLANG_WARN_BOOL_CONVERSION = YES;
				CLANG_WARN_COMMA = YES;
				CLANG_WARN_CONSTANT_CONVERSION = YES;
				CLANG_WARN_DEPRECATED_OBJC_IMPLEMENTATIONS = YES;
				CLANG_WARN_DIRECT_OBJC_ISA_USAGE = YES_ERROR;
				CLANG_WARN_DOCUMENTATION_COMMENTS = YES;
				CLANG_WARN_EMPTY_BODY = YES;
				CLANG_WARN_ENUM_CONVERSION = YES;
				CLANG_WARN_INFINITE_RECURSION = YES;
				CLANG_WARN_INT_CONVERSION = YES;
				CLANG_WARN_NON_LITERAL_NULL_CONVERSION = YES;
				CLANG_WARN_OBJC_IMPLICIT_RETAIN_SELF = YES;
				CLANG_WARN_OBJC_LITERAL_CONVERSION = YES;
				CLANG_WARN_OBJC_ROOT_CLASS = YES_ERROR;
				CLANG_WARN_QUOTED_INCLUDE_IN_FRAMEWORK_HEADER = YES;
				CLANG_WARN_RANGE_LOOP_ANALYSIS = YES;
				CLANG_WARN_STRICT_PROTOTYPES = YES;
				CLANG_WARN_SUSPICIOUS_MOVE = YES;
				CLANG_WARN_UNGUARDED_AVAILABILITY = YES_AGGRESSIVE;
				CLANG_WARN_UNREACHABLE_CODE = YES;
				CLANG_WARN__DUPLICATE_METHOD_MATCH = YES;
				CODE_SIGN_IDENTITY = "iPhone Developer";
				COPY_PHASE_STRIP = NO;
				DEBUG_INFORMATION_FORMAT = "dwarf-with-dsym";
				DEVELOPMENT_TEAM = 975T5Y44XD;
				ENABLE_NS_ASSERTIONS = NO;
				ENABLE_STRICT_OBJC_MSGSEND = YES;
				ENABLE_USER_SCRIPT_SANDBOXING = YES;
				GCC_C_LANGUAGE_STANDARD = gnu11;
				GCC_NO_COMMON_BLOCKS = YES;
				GCC_WARN_64_TO_32_BIT_CONVERSION = YES;
				GCC_WARN_ABOUT_RETURN_TYPE = YES_ERROR;
				GCC_WARN_UNDECLARED_SELECTOR = YES;
				GCC_WARN_UNINITIALIZED_AUTOS = YES_AGGRESSIVE;
				GCC_WARN_UNUSED_FUNCTION = YES;
				GCC_WARN_UNUSED_VARIABLE = YES;
				IPHONEOS_DEPLOYMENT_TARGET = 12.0;
				MTL_ENABLE_DEBUG_INFO = NO;
				SDKROOT = iphoneos;
				STRING_CATALOG_GENERATE_SYMBOLS = YES;
				SWIFT_COMPILATION_MODE = wholemodule;
				SWIFT_OPTIMIZATION_LEVEL = "-O";
				VALIDATE_PRODUCT = YES;
			};
			name = Release;
		};
		93F2087F1EE08D0500345EE5 /* Debug */ = {
			isa = XCBuildConfiguration;
			baseConfigurationReference = F369C580F36A695000000001 /* SampleCode.xcconfig */;
			buildSettings = {
				ASSETCATALOG_COMPILER_APPICON_NAME = AppIcon;
				CLANG_ENABLE_MODULES = YES;
				CODE_SIGN_ENTITLEMENTS = Core8080.entitlements;
				CODE_SIGN_IDENTITY = "iPhone Developer";
				CODE_SIGN_STYLE = Automatic;
				INFOPLIST_FILE = "Document Browser/Info.plist";
				IPHONEOS_DEPLOYMENT_TARGET = 18.6;
				LD_RUNPATH_SEARCH_PATHS = (
					"$(inherited)",
					"@executable_path/Frameworks",
				);
				PRODUCT_BUNDLE_IDENTIFIER = com.craicdesign.core8080;
				PRODUCT_NAME = "$(TARGET_NAME)";
				PROVISIONING_PROFILE_SPECIFIER = "";
				SWIFT_OBJC_BRIDGING_HEADER = "Document Browser/Document Browser-Bridging-Header.h";
				SWIFT_OPTIMIZATION_LEVEL = "-Onone";
				SWIFT_SWIFT3_OBJC_INFERENCE = Off;
				SWIFT_VERSION = 4.0;
				TARGETED_DEVICE_FAMILY = 2;
			};
			name = Debug;
		};
		93F208801EE08D0500345EE5 /* Release */ = {
			isa = XCBuildConfiguration;
			baseConfigurationReference = F369C580F36A695000000001 /* SampleCode.xcconfig */;
			buildSettings = {
				ASSETCATALOG_COMPILER_APPICON_NAME = AppIcon;
				CLANG_ENABLE_MODULES = YES;
				CODE_SIGN_ENTITLEMENTS = Core8080.entitlements;
				CODE_SIGN_IDENTITY = "iPhone Developer";
				CODE_SIGN_STYLE = Automatic;
				INFOPLIST_FILE = "Document Browser/Info.plist";
				IPHONEOS_DEPLOYMENT_TARGET = 18.6;
				LD_RUNPATH_SEARCH_PATHS = (
					"$(inherited)",
					"@executable_path/Frameworks",
				);
				PRODUCT_BUNDLE_IDENTIFIER = com.craicdesign.core8080;
				PRODUCT_NAME = "$(TARGET_NAME)";
				PROVISIONING_PROFILE_SPECIFIER = "";
				SWIFT_OBJC_BRIDGING_HEADER = "Document Browser/Document Browser-Bridging-Header.h";
				SWIFT_SWIFT3_OBJC_INFERENCE = Off;
				SWIFT_VERSION = 4.0;
				TARGETED_DEVICE_FAMILY = 2;
			};
			name = Release;
		};
/* End XCBuildConfiguration section */

/* Begin XCConfigurationList section */
		93F208631EE08D0500345EE5 /* Build configuration list for PBXProject "Core8080" */ = {
			isa = XCConfigurationList;
			buildConfigurations = (
				93F2087C1EE08D0500345EE5 /* Debug */,
				93F2087D1EE08D0500345EE5 /* Release */,
			);
			defaultConfigurationIsVisible = 0;
			defaultConfigurationName = Release;
		};
		93F2087E1EE08D0500345EE5 /* Build configuration list for PBXNativeTarget "Core8080" */ = {
			isa = XCConfigurationList;
			buildConfigurations = (
				93F2087F1EE08D0500345EE5 /* Debug */,
				93F208801EE08D0500345EE5 /* Release */,
			);
			defaultConfigurationIsVisible = 0;
			defaultConfigurationName = Release;
		};
/* End XCConfigurationList section */
	};
	rootObject = 93F208601EE08D0500345EE5 /* Project object */;
}
